
Microsoft Visual Studio Solution File, Format Version 12.00
# Visual Studio 14
VisualStudioVersion = 14.0.25420.1
MinimumVisualStudioVersion = 10.0.40219.1
Project("{FAE04EC0-301F-11D3-BF4B-00C04F79EFBC}") = "Rohm.DataAccess", "Rohm.DataAccess\Rohm.DataAccess.csproj", "{FD4C60D2-90FA-4F78-943B-82933B2E2708}"
EndProject
Project("{FAE04EC0-301F-11D3-BF4B-00C04F79EFBC}") = "Rohm.Common.Model", "Rohm.Common.Model\Rohm.Common.Model.csproj", "{670CC478-61CA-43DD-AF4B-B4C8693A9C14}"
EndProject
Project("{FAE04EC0-301F-11D3-BF4B-00C04F79EFBC}") = "Rohm.Common.Forms", "Rohm.Common.Forms\Rohm.Common.Forms.csproj", "{E1925E62-0498-4B4B-B808-199C062C24B2}"
EndProject
Project("{FAE04EC0-301F-11D3-BF4B-00C04F79EFBC}") = "Rohm.Common.CellController", "Rohm.Common.CellController\Rohm.Common.CellController.csproj", "{B84D1B76-5379-48B2-B773-711DFED11274}"
EndProject
Project("{FAE04EC0-301F-11D3-BF4B-00C04F79EFBC}") = "iLibrary", "iLibrary\iLibrary.csproj", "{7BBC40C0-A499-41DF-B4AC-02C85E6EA40D}"
EndProject
Global
	GlobalSection(SolutionConfigurationPlatforms) = preSolution
		Debug|Any CPU = Debug|Any CPU
		Debug|Mixed Platforms = Debug|Mixed Platforms
		Debug|x86 = Debug|x86
		Release|Any CPU = Release|Any CPU
		Release|Mixed Platforms = Release|Mixed Platforms
		Release|x86 = Release|x86
	EndGlobalSection
	GlobalSection(ProjectConfigurationPlatforms) = postSolution
		{FD4C60D2-90FA-4F78-943B-82933B2E2708}.Debug|Any CPU.ActiveCfg = Debug|Any CPU
		{FD4C60D2-90FA-4F78-943B-82933B2E2708}.Debug|Any CPU.Build.0 = Debug|Any CPU
		{FD4C60D2-90FA-4F78-943B-82933B2E2708}.Debug|Mixed Platforms.ActiveCfg = Debug|Any CPU
		{FD4C60D2-90FA-4F78-943B-82933B2E2708}.Debug|Mixed Platforms.Build.0 = Debug|Any CPU
		{FD4C60D2-90FA-4F78-943B-82933B2E2708}.Debug|x86.ActiveCfg = Debug|Any CPU
		{FD4C60D2-90FA-4F78-943B-82933B2E2708}.Release|Any CPU.ActiveCfg = Release|Any CPU
		{FD4C60D2-90FA-4F78-943B-82933B2E2708}.Release|Any CPU.Build.0 = Release|Any CPU
		{FD4C60D2-90FA-4F78-943B-82933B2E2708}.Release|Mixed Platforms.ActiveCfg = Release|Any CPU
		{FD4C60D2-90FA-4F78-943B-82933B2E2708}.Release|Mixed Platforms.Build.0 = Release|Any CPU
		{FD4C60D2-90FA-4F78-943B-82933B2E2708}.Release|x86.ActiveCfg = Release|Any CPU
		{670CC478-61CA-43DD-AF4B-B4C8693A9C14}.Debug|Any CPU.ActiveCfg = Debug|Any CPU
		{670CC478-61CA-43DD-AF4B-B4C8693A9C14}.Debug|Any CPU.Build.0 = Debug|Any CPU
		{670CC478-61CA-43DD-AF4B-B4C8693A9C14}.Debug|Mixed Platforms.ActiveCfg = Debug|Any CPU
		{670CC478-61CA-43DD-AF4B-B4C8693A9C14}.Debug|Mixed Platforms.Build.0 = Debug|Any CPU
		{670CC478-61CA-43DD-AF4B-B4C8693A9C14}.Debug|x86.ActiveCfg = Debug|Any CPU
		{670CC478-61CA-43DD-AF4B-B4C8693A9C14}.Release|Any CPU.ActiveCfg = Release|Any CPU
		{670CC478-61CA-43DD-AF4B-B4C8693A9C14}.Release|Any CPU.Build.0 = Release|Any CPU
		{670CC478-61CA-43DD-AF4B-B4C8693A9C14}.Release|Mixed Platforms.ActiveCfg = Release|Any CPU
		{670CC478-61CA-43DD-AF4B-B4C8693A9C14}.Release|Mixed Platforms.Build.0 = Release|Any CPU
		{670CC478-61CA-43DD-AF4B-B4C8693A9C14}.Release|x86.ActiveCfg = Release|Any CPU
		{E1925E62-0498-4B4B-B808-199C062C24B2}.Debug|Any CPU.ActiveCfg = Debug|Any CPU
		{E1925E62-0498-4B4B-B808-199C062C24B2}.Debug|Any CPU.Build.0 = Debug|Any CPU
		{E1925E62-0498-4B4B-B808-199C062C24B2}.Debug|Mixed Platforms.ActiveCfg = Debug|Any CPU
		{E1925E62-0498-4B4B-B808-199C062C24B2}.Debug|Mixed Platforms.Build.0 = Debug|Any CPU
		{E1925E62-0498-4B4B-B808-199C062C24B2}.Debug|x86.ActiveCfg = Debug|Any CPU
		{E1925E62-0498-4B4B-B808-199C062C24B2}.Release|Any CPU.ActiveCfg = Release|Any CPU
		{E1925E62-0498-4B4B-B808-199C062C24B2}.Release|Any CPU.Build.0 = Release|Any CPU
		{E1925E62-0498-4B4B-B808-199C062C24B2}.Release|Mixed Platforms.ActiveCfg = Release|Any CPU
		{E1925E62-0498-4B4B-B808-199C062C24B2}.Release|Mixed Platforms.Build.0 = Release|Any CPU
		{E1925E62-0498-4B4B-B808-199C062C24B2}.Release|x86.ActiveCfg = Release|Any CPU
		{B84D1B76-5379-48B2-B773-711DFED11274}.Debug|Any CPU.ActiveCfg = Debug|Any CPU
		{B84D1B76-5379-48B2-B773-711DFED11274}.Debug|Any CPU.Build.0 = Debug|Any CPU
		{B84D1B76-5379-48B2-B773-711DFED11274}.Debug|Mixed Platforms.ActiveCfg = Debug|Any CPU
		{B84D1B76-5379-48B2-B773-711DFED11274}.Debug|Mixed Platforms.Build.0 = Debug|Any CPU
		{B84D1B76-5379-48B2-B773-711DFED11274}.Debug|x86.ActiveCfg = Debug|Any CPU
		{B84D1B76-5379-48B2-B773-711DFED11274}.Release|Any CPU.ActiveCfg = Release|Any CPU
		{B84D1B76-5379-48B2-B773-711DFED11274}.Release|Any CPU.Build.0 = Release|Any CPU
		{B84D1B76-5379-48B2-B773-711DFED11274}.Release|Mixed Platforms.ActiveCfg = Release|Any CPU
		{B84D1B76-5379-48B2-B773-711DFED11274}.Release|Mixed Platforms.Build.0 = Release|Any CPU
		{B84D1B76-5379-48B2-B773-711DFED11274}.Release|x86.ActiveCfg = Release|Any CPU
		{7BBC40C0-A499-41DF-B4AC-02C85E6EA40D}.Debug|Any CPU.ActiveCfg = Debug|Any CPU
		{7BBC40C0-A499-41DF-B4AC-02C85E6EA40D}.Debug|Any CPU.Build.0 = Debug|Any CPU
		{7BBC40C0-A499-41DF-B4AC-02C85E6EA40D}.Debug|Mixed Platforms.ActiveCfg = Debug|Any CPU
		{7BBC40C0-A499-41DF-B4AC-02C85E6EA40D}.Debug|Mixed Platforms.Build.0 = Debug|Any CPU
		{7BBC40C0-A499-41DF-B4AC-02C85E6EA40D}.Debug|x86.ActiveCfg = Debug|Any CPU
		{7BBC40C0-A499-41DF-B4AC-02C85E6EA40D}.Release|Any CPU.ActiveCfg = Release|Any CPU
		{7BBC40C0-A499-41DF-B4AC-02C85E6EA40D}.Release|Any CPU.Build.0 = Release|Any CPU
		{7BBC40C0-A499-41DF-B4AC-02C85E6EA40D}.Release|Mixed Platforms.ActiveCfg = Release|Any CPU
		{7BBC40C0-A499-41DF-B4AC-02C85E6EA40D}.Release|Mixed Platforms.Build.0 = Release|Any CPU
		{7BBC40C0-A499-41DF-B4AC-02C85E6EA40D}.Release|x86.ActiveCfg = Release|Any CPU
	EndGlobalSection
	GlobalSection(SolutionProperties) = preSolution
		HideSolutionNode = FALSE
	EndGlobalSection
EndGlobal
